{
  "lockfileVersion": 1,
  "configVersion": 1,
  "workspaces": {
    "": {
      "dependencies": {
        "@opencode-ai/plugin": "1.0.193",
      },
    },
  },
  "packages": {
    "@opencode-ai/plugin": ["@opencode-ai/plugin@1.0.193", "", { "dependencies": { "@opencode-ai/sdk": "1.0.193", "zod": "4.1.8" } }, "sha512-EazUjz+phR6vI+xRLGXSJGZ06qsJ+bkR5nd5nJZk7oAWJhGvFYQMAAtWoTquESpCJKwL67fYnuz0mE1hThnREw=="],

    "@opencode-ai/sdk": ["@opencode-ai/sdk@1.0.193", "", {}, "sha512-q9lfbWMgJseIJXV61TZcj2tJddClFAADnPdwGjKqNyHyBl0AQl2lrd572vlFnaoqLpBb+GZ/mHDQv3rY9BX9oQ=="],

    "zod": ["zod@4.1.8", "", {}, "sha512-5R1P+WwQqmmMIEACyzSvo4JXHY5WiAFHRMg+zBZKgKS+Q1viRa0C1hmUKtHltoIFKtIdki3pRxkmpP74jnNYHQ=="],
  }
}
